
Microsoft Visual Studio Solution File, Format Version 12.00
# Visual Studio Version 17
VisualStudioVersion = 17.3.32804.467
MinimumVisualStudioVersion = 10.0.40219.1
Project("{FAE04EC0-301F-11D3-BF4B-00C04F79EFBC}") = "Entity28-9", "Entity28-9\Entity28-9.csproj", "{79BE5149-8642-45BD-9D32-126491AE07AD}"
EndProject
Project("{FAE04EC0-301F-11D3-BF4B-00C04F79EFBC}") = "bal", "bal\bal.csproj", "{DC05D732-13A3-4C99-B5E3-CC2F7C81CA57}"
EndProject
Global
	GlobalSection(SolutionConfigurationPlatforms) = preSolution
		Debug|Any CPU = Debug|Any CPU
		Release|Any CPU = Release|Any CPU
	EndGlobalSection
	GlobalSection(ProjectConfigurationPlatforms) = postSolution
		{79BE5149-8642-45BD-9D32-126491AE07AD}.Debug|Any CPU.ActiveCfg = Debug|Any CPU
		{79BE5149-8642-45BD-9D32-126491AE07AD}.Debug|Any CPU.Build.0 = Debug|Any CPU
		{79BE5149-8642-45BD-9D32-126491AE07AD}.Release|Any CPU.ActiveCfg = Release|Any CPU
		{79BE5149-8642-45BD-9D32-126491AE07AD}.Release|Any CPU.Build.0 = Release|Any CPU
		{DC05D732-13A3-4C99-B5E3-CC2F7C81CA57}.Debug|Any CPU.ActiveCfg = Debug|Any CPU
		{DC05D732-13A3-4C99-B5E3-CC2F7C81CA57}.Debug|Any CPU.Build.0 = Debug|Any CPU
		{DC05D732-13A3-4C99-B5E3-CC2F7C81CA57}.Release|Any CPU.ActiveCfg = Release|Any CPU
		{DC05D732-13A3-4C99-B5E3-CC2F7C81CA57}.Release|Any CPU.Build.0 = Release|Any CPU
	EndGlobalSection
	GlobalSection(SolutionProperties) = preSolution
		HideSolutionNode = FALSE
	EndGlobalSection
	GlobalSection(ExtensibilityGlobals) = postSolution
		SolutionGuid = {AE932971-F7F6-4787-9D78-619D9BD58C99}
	EndGlobalSection
EndGlobal
