
Microsoft Visual Studio Solution File, Format Version 12.00
# Visual Studio Version 17
VisualStudioVersion = 17.3.32804.467
MinimumVisualStudioVersion = 10.0.40219.1
Project("{FAE04EC0-301F-11D3-BF4B-00C04F79EFBC}") = "DataStructures-26-8", "DataStructures-26-8\DataStructures-26-8.csproj", "{2460C67B-7F70-464C-9D0D-69ACB3491B92}"
	ProjectSection(ProjectDependencies) = postProject
		{DFEDFA30-39D2-40DF-8AF3-2457D86C98F2} = {DFEDFA30-39D2-40DF-8AF3-2457D86C98F2}
	EndProjectSection
EndProject
Project("{FAE04EC0-301F-11D3-BF4B-00C04F79EFBC}") = "Prob2", "Prob2\Prob2.csproj", "{DFEDFA30-39D2-40DF-8AF3-2457D86C98F2}"
EndProject
Global
	GlobalSection(SolutionConfigurationPlatforms) = preSolution
		Debug|Any CPU = Debug|Any CPU
		Release|Any CPU = Release|Any CPU
	EndGlobalSection
	GlobalSection(ProjectConfigurationPlatforms) = postSolution
		{2460C67B-7F70-464C-9D0D-69ACB3491B92}.Debug|Any CPU.ActiveCfg = Debug|Any CPU
		{2460C67B-7F70-464C-9D0D-69ACB3491B92}.Debug|Any CPU.Build.0 = Debug|Any CPU
		{2460C67B-7F70-464C-9D0D-69ACB3491B92}.Release|Any CPU.ActiveCfg = Release|Any CPU
		{2460C67B-7F70-464C-9D0D-69ACB3491B92}.Release|Any CPU.Build.0 = Release|Any CPU
		{DFEDFA30-39D2-40DF-8AF3-2457D86C98F2}.Debug|Any CPU.ActiveCfg = Debug|Any CPU
		{DFEDFA30-39D2-40DF-8AF3-2457D86C98F2}.Debug|Any CPU.Build.0 = Debug|Any CPU
		{DFEDFA30-39D2-40DF-8AF3-2457D86C98F2}.Release|Any CPU.ActiveCfg = Release|Any CPU
		{DFEDFA30-39D2-40DF-8AF3-2457D86C98F2}.Release|Any CPU.Build.0 = Release|Any CPU
	EndGlobalSection
	GlobalSection(SolutionProperties) = preSolution
		HideSolutionNode = FALSE
	EndGlobalSection
	GlobalSection(ExtensibilityGlobals) = postSolution
		SolutionGuid = {DB221041-1D28-4CBF-BCCF-46DA2B460D36}
	EndGlobalSection
EndGlobal
