
Microsoft Visual Studio Solution File, Format Version 12.00
# Visual Studio Version 17
VisualStudioVersion = 17.3.32804.467
MinimumVisualStudioVersion = 10.0.40219.1
Project("{FAE04EC0-301F-11D3-BF4B-00C04F79EFBC}") = "Handling-23-8", "Handling-23-8\Handling-23-8.csproj", "{EC5A9421-10CC-4326-A61F-AE0A0E5B4791}"
EndProject
Global
	GlobalSection(SolutionConfigurationPlatforms) = preSolution
		Debug|Any CPU = Debug|Any CPU
		Release|Any CPU = Release|Any CPU
	EndGlobalSection
	GlobalSection(ProjectConfigurationPlatforms) = postSolution
		{EC5A9421-10CC-4326-A61F-AE0A0E5B4791}.Debug|Any CPU.ActiveCfg = Debug|Any CPU
		{EC5A9421-10CC-4326-A61F-AE0A0E5B4791}.Debug|Any CPU.Build.0 = Debug|Any CPU
		{EC5A9421-10CC-4326-A61F-AE0A0E5B4791}.Release|Any CPU.ActiveCfg = Release|Any CPU
		{EC5A9421-10CC-4326-A61F-AE0A0E5B4791}.Release|Any CPU.Build.0 = Release|Any CPU
	EndGlobalSection
	GlobalSection(SolutionProperties) = preSolution
		HideSolutionNode = FALSE
	EndGlobalSection
	GlobalSection(ExtensibilityGlobals) = postSolution
		SolutionGuid = {42A55602-1D0D-4510-8D68-EDCDDF42D34E}
	EndGlobalSection
EndGlobal
