
Microsoft Visual Studio Solution File, Format Version 12.00
# Visual Studio Version 17
VisualStudioVersion = 17.3.32922.545
MinimumVisualStudioVersion = 10.0.40219.1
Project("{FAE04EC0-301F-11D3-BF4B-00C04F79EFBC}") = "oct-12", "oct-12\oct-12.csproj", "{05042DA7-3E4C-4FC2-BE50-BB27266978F2}"
EndProject
Global
	GlobalSection(SolutionConfigurationPlatforms) = preSolution
		Debug|Any CPU = Debug|Any CPU
		Release|Any CPU = Release|Any CPU
	EndGlobalSection
	GlobalSection(ProjectConfigurationPlatforms) = postSolution
		{05042DA7-3E4C-4FC2-BE50-BB27266978F2}.Debug|Any CPU.ActiveCfg = Debug|Any CPU
		{05042DA7-3E4C-4FC2-BE50-BB27266978F2}.Debug|Any CPU.Build.0 = Debug|Any CPU
		{05042DA7-3E4C-4FC2-BE50-BB27266978F2}.Release|Any CPU.ActiveCfg = Release|Any CPU
		{05042DA7-3E4C-4FC2-BE50-BB27266978F2}.Release|Any CPU.Build.0 = Release|Any CPU
	EndGlobalSection
	GlobalSection(SolutionProperties) = preSolution
		HideSolutionNode = FALSE
	EndGlobalSection
	GlobalSection(ExtensibilityGlobals) = postSolution
		SolutionGuid = {E51A1FA4-911A-43FD-BA95-042796021552}
	EndGlobalSection
EndGlobal
