
Microsoft Visual Studio Solution File, Format Version 12.00
# Visual Studio Version 17
VisualStudioVersion = 17.3.32922.545
MinimumVisualStudioVersion = 10.0.40219.1
Project("{FAE04EC0-301F-11D3-BF4B-00C04F79EFBC}") = "WebOct-4", "WebOct-4\WebOct-4.csproj", "{ADA46BC7-F8BD-46C0-B9A3-C3E736B221D6}"
EndProject
Global
	GlobalSection(SolutionConfigurationPlatforms) = preSolution
		Debug|Any CPU = Debug|Any CPU
		Release|Any CPU = Release|Any CPU
	EndGlobalSection
	GlobalSection(ProjectConfigurationPlatforms) = postSolution
		{ADA46BC7-F8BD-46C0-B9A3-C3E736B221D6}.Debug|Any CPU.ActiveCfg = Debug|Any CPU
		{ADA46BC7-F8BD-46C0-B9A3-C3E736B221D6}.Debug|Any CPU.Build.0 = Debug|Any CPU
		{ADA46BC7-F8BD-46C0-B9A3-C3E736B221D6}.Release|Any CPU.ActiveCfg = Release|Any CPU
		{ADA46BC7-F8BD-46C0-B9A3-C3E736B221D6}.Release|Any CPU.Build.0 = Release|Any CPU
	EndGlobalSection
	GlobalSection(SolutionProperties) = preSolution
		HideSolutionNode = FALSE
	EndGlobalSection
	GlobalSection(ExtensibilityGlobals) = postSolution
		SolutionGuid = {BC2613DA-531F-495A-A20F-1797B87D7758}
	EndGlobalSection
EndGlobal
