
Microsoft Visual Studio Solution File, Format Version 12.00
# Visual Studio Version 17
VisualStudioVersion = 17.3.32922.545
MinimumVisualStudioVersion = 10.0.40219.1
Project("{FAE04EC0-301F-11D3-BF4B-00C04F79EFBC}") = "WebOct-6", "WebOct-6\WebOct-6.csproj", "{5B27919E-E3D4-467E-B7BE-9A6D086D397F}"
EndProject
Global
	GlobalSection(SolutionConfigurationPlatforms) = preSolution
		Debug|Any CPU = Debug|Any CPU
		Release|Any CPU = Release|Any CPU
	EndGlobalSection
	GlobalSection(ProjectConfigurationPlatforms) = postSolution
		{5B27919E-E3D4-467E-B7BE-9A6D086D397F}.Debug|Any CPU.ActiveCfg = Debug|Any CPU
		{5B27919E-E3D4-467E-B7BE-9A6D086D397F}.Debug|Any CPU.Build.0 = Debug|Any CPU
		{5B27919E-E3D4-467E-B7BE-9A6D086D397F}.Release|Any CPU.ActiveCfg = Release|Any CPU
		{5B27919E-E3D4-467E-B7BE-9A6D086D397F}.Release|Any CPU.Build.0 = Release|Any CPU
	EndGlobalSection
	GlobalSection(SolutionProperties) = preSolution
		HideSolutionNode = FALSE
	EndGlobalSection
	GlobalSection(ExtensibilityGlobals) = postSolution
		SolutionGuid = {A53642EA-F521-4065-9463-8B3FAC1E747F}
	EndGlobalSection
EndGlobal
