
Microsoft Visual Studio Solution File, Format Version 12.00
# Visual Studio Version 17
VisualStudioVersion = 17.3.32804.467
MinimumVisualStudioVersion = 10.0.40219.1
Project("{FAE04EC0-301F-11D3-BF4B-00C04F79EFBC}") = "Sortings-30-6", "Sortings-30-6\Sortings-30-6.csproj", "{FD915970-1ABE-4A9D-B02D-68AB23D3279D}"
EndProject
Global
	GlobalSection(SolutionConfigurationPlatforms) = preSolution
		Debug|Any CPU = Debug|Any CPU
		Release|Any CPU = Release|Any CPU
	EndGlobalSection
	GlobalSection(ProjectConfigurationPlatforms) = postSolution
		{FD915970-1ABE-4A9D-B02D-68AB23D3279D}.Debug|Any CPU.ActiveCfg = Debug|Any CPU
		{FD915970-1ABE-4A9D-B02D-68AB23D3279D}.Debug|Any CPU.Build.0 = Debug|Any CPU
		{FD915970-1ABE-4A9D-B02D-68AB23D3279D}.Release|Any CPU.ActiveCfg = Release|Any CPU
		{FD915970-1ABE-4A9D-B02D-68AB23D3279D}.Release|Any CPU.Build.0 = Release|Any CPU
	EndGlobalSection
	GlobalSection(SolutionProperties) = preSolution
		HideSolutionNode = FALSE
	EndGlobalSection
	GlobalSection(ExtensibilityGlobals) = postSolution
		SolutionGuid = {BAA0D213-6A11-4098-A2D9-D9279B03C72F}
	EndGlobalSection
EndGlobal
