
Microsoft Visual Studio Solution File, Format Version 12.00
# Visual Studio Version 17
VisualStudioVersion = 17.3.32804.467
MinimumVisualStudioVersion = 10.0.40219.1
Project("{FAE04EC0-301F-11D3-BF4B-00C04F79EFBC}") = "Arrays-22-8", "Arrays-22-8\Arrays-22-8.csproj", "{6F6BD4E7-E7DD-40F1-A433-95955281649F}"
EndProject
Global
	GlobalSection(SolutionConfigurationPlatforms) = preSolution
		Debug|Any CPU = Debug|Any CPU
		Release|Any CPU = Release|Any CPU
	EndGlobalSection
	GlobalSection(ProjectConfigurationPlatforms) = postSolution
		{6F6BD4E7-E7DD-40F1-A433-95955281649F}.Debug|Any CPU.ActiveCfg = Debug|Any CPU
		{6F6BD4E7-E7DD-40F1-A433-95955281649F}.Debug|Any CPU.Build.0 = Debug|Any CPU
		{6F6BD4E7-E7DD-40F1-A433-95955281649F}.Release|Any CPU.ActiveCfg = Release|Any CPU
		{6F6BD4E7-E7DD-40F1-A433-95955281649F}.Release|Any CPU.Build.0 = Release|Any CPU
	EndGlobalSection
	GlobalSection(SolutionProperties) = preSolution
		HideSolutionNode = FALSE
	EndGlobalSection
	GlobalSection(ExtensibilityGlobals) = postSolution
		SolutionGuid = {5114E2FB-16A9-4C22-A37E-844685117C45}
	EndGlobalSection
EndGlobal
